
Microsoft Visual Studio Solution File, Format Version 12.00
# Visual Studio Version 17
VisualStudioVersion = 17.9.34728.123
MinimumVisualStudioVersion = 10.0.40219.1
Project("{FAE04EC0-301F-11D3-BF4B-00C04F79EFBC}") = "Teste_TOPT_Swagger", "Teste_TOPT_Swagger.csproj", "{BBADEC86-CA78-47BE-B8C7-5B4C7F311164}"
EndProject
Global
	GlobalSection(SolutionConfigurationPlatforms) = preSolution
		Debug|Any CPU = Debug|Any CPU
		Release|Any CPU = Release|Any CPU
	EndGlobalSection
	GlobalSection(ProjectConfigurationPlatforms) = postSolution
		{BBADEC86-CA78-47BE-B8C7-5B4C7F311164}.Debug|Any CPU.ActiveCfg = Debug|Any CPU
		{BBADEC86-CA78-47BE-B8C7-5B4C7F311164}.Debug|Any CPU.Build.0 = Debug|Any CPU
		{BBADEC86-CA78-47BE-B8C7-5B4C7F311164}.Release|Any CPU.ActiveCfg = Release|Any CPU
		{BBADEC86-CA78-47BE-B8C7-5B4C7F311164}.Release|Any CPU.Build.0 = Release|Any CPU
	EndGlobalSection
	GlobalSection(SolutionProperties) = preSolution
		HideSolutionNode = FALSE
	EndGlobalSection
	GlobalSection(ExtensibilityGlobals) = postSolution
		SolutionGuid = {A0752F92-C70B-4A0E-9624-EA4974E951C7}
	EndGlobalSection
EndGlobal
